
Microsoft Visual Studio Solution File, Format Version 12.00
# Visual Studio Version 17
VisualStudioVersion = 17.14.36518.9
MinimumVisualStudioVersion = 10.0.40219.1
Project("{FAE04EC0-301F-11D3-BF4B-00C04F79EFBC}") = "Patterns", "Patterns\Patterns.csproj", "{0E1DB12F-E2C5-4244-B9D6-1B263582ACC6}"
EndProject
Project("{FAE04EC0-301F-11D3-BF4B-00C04F79EFBC}") = "Console", "Console\Console.csproj", "{AA533BB2-825B-4A8C-9F90-A07435B22072}"
EndProject
Global
	GlobalSection(SolutionConfigurationPlatforms) = preSolution
		Debug|Any CPU = Debug|Any CPU
		Release|Any CPU = Release|Any CPU
	EndGlobalSection
	GlobalSection(ProjectConfigurationPlatforms) = postSolution
		{0E1DB12F-E2C5-4244-B9D6-1B263582ACC6}.Debug|Any CPU.ActiveCfg = Debug|Any CPU
		{0E1DB12F-E2C5-4244-B9D6-1B263582ACC6}.Debug|Any CPU.Build.0 = Debug|Any CPU
		{0E1DB12F-E2C5-4244-B9D6-1B263582ACC6}.Release|Any CPU.ActiveCfg = Release|Any CPU
		{0E1DB12F-E2C5-4244-B9D6-1B263582ACC6}.Release|Any CPU.Build.0 = Release|Any CPU
		{AA533BB2-825B-4A8C-9F90-A07435B22072}.Debug|Any CPU.ActiveCfg = Debug|Any CPU
		{AA533BB2-825B-4A8C-9F90-A07435B22072}.Debug|Any CPU.Build.0 = Debug|Any CPU
		{AA533BB2-825B-4A8C-9F90-A07435B22072}.Release|Any CPU.ActiveCfg = Release|Any CPU
		{AA533BB2-825B-4A8C-9F90-A07435B22072}.Release|Any CPU.Build.0 = Release|Any CPU
	EndGlobalSection
	GlobalSection(SolutionProperties) = preSolution
		HideSolutionNode = FALSE
	EndGlobalSection
	GlobalSection(ExtensibilityGlobals) = postSolution
		SolutionGuid = {A1164348-765F-45AF-AF4A-A22D83A45A36}
	EndGlobalSection
EndGlobal
