
Microsoft Visual Studio Solution File, Format Version 12.00
# Visual Studio Version 17
VisualStudioVersion = 17.14.36518.9 d17.14
MinimumVisualStudioVersion = 10.0.40219.1
Project("{FAE04EC0-301F-11D3-BF4B-00C04F79EFBC}") = "ЛАБА1", "ЛАБА1.csproj", "{7B5C0B6F-E4DA-4393-9795-2CDB9C018234}"
EndProject
Project("{FAE04EC0-301F-11D3-BF4B-00C04F79EFBC}") = "DataAccessLayer", "..\DataAccessLayer\DataAccessLayer.csproj", "{B93D4525-427E-4DD3-8F4B-35C2946E6E2E}"
EndProject
Global
	GlobalSection(SolutionConfigurationPlatforms) = preSolution
		Debug|Any CPU = Debug|Any CPU
		Release|Any CPU = Release|Any CPU
	EndGlobalSection
	GlobalSection(ProjectConfigurationPlatforms) = postSolution
		{7B5C0B6F-E4DA-4393-9795-2CDB9C018234}.Debug|Any CPU.ActiveCfg = Debug|Any CPU
		{7B5C0B6F-E4DA-4393-9795-2CDB9C018234}.Debug|Any CPU.Build.0 = Debug|Any CPU
		{7B5C0B6F-E4DA-4393-9795-2CDB9C018234}.Release|Any CPU.ActiveCfg = Release|Any CPU
		{7B5C0B6F-E4DA-4393-9795-2CDB9C018234}.Release|Any CPU.Build.0 = Release|Any CPU
		{B93D4525-427E-4DD3-8F4B-35C2946E6E2E}.Debug|Any CPU.ActiveCfg = Debug|Any CPU
		{B93D4525-427E-4DD3-8F4B-35C2946E6E2E}.Debug|Any CPU.Build.0 = Debug|Any CPU
		{B93D4525-427E-4DD3-8F4B-35C2946E6E2E}.Release|Any CPU.ActiveCfg = Release|Any CPU
		{B93D4525-427E-4DD3-8F4B-35C2946E6E2E}.Release|Any CPU.Build.0 = Release|Any CPU
	EndGlobalSection
	GlobalSection(SolutionProperties) = preSolution
		HideSolutionNode = FALSE
	EndGlobalSection
	GlobalSection(ExtensibilityGlobals) = postSolution
		SolutionGuid = {A1164348-765F-45AF-AF4A-A22D83A45A36}
	EndGlobalSection
EndGlobal
